PODS:
  - AppAuth (1.4.0):
    - AppAuth/Core (= 1.4.0)
    - AppAuth/ExternalUserAgent (= 1.4.0)
  - AppAuth/Core (1.4.0)
  - AppAuth/ExternalUserAgent (1.4.0)
  - Braintree (5.5.0):
    - Braintree/Card (= 5.5.0)
    - Braintree/Core (= 5.5.0)
    - Braintree/PayPal (= 5.5.0)
  - Braintree/ApplePay (5.5.0):
    - Braintree/Core
  - Braintree/Card (5.5.0):
    - Braintree/Core
  - Braintree/Core (5.5.0)
  - Braintree/PaymentFlow (5.5.0):
    - Braintree/Core
    - Braintree/PayPalDataCollector
  - Braintree/PayPal (5.5.0):
    - Braintree/Core
    - Braintree/PayPalDataCollector
  - Braintree/PayPalDataCollector (5.5.0)
  - Braintree/ThreeDSecure (5.5.0):
    - Braintree/Card
    - Braintree/PaymentFlow
  - Braintree/UnionPay (5.5.0):
    - Braintree/Card
  - Braintree/Venmo (5.5.0):
    - Braintree/Core
  - BraintreeDropIn (9.3.0):
    - Braintree/ApplePay (~> 5.5)
    - Braintree/Card (~> 5.5)
    - Braintree/Core (~> 5.5)
    - Braintree/PayPal (~> 5.5)
    - Braintree/ThreeDSecure (~> 5.5)
    - Braintree/UnionPay (~> 5.5)
    - Braintree/Venmo (~> 5.5)
  - Charts (3.6.0):
    - Charts/Core (= 3.6.0)
  - Charts/Core (3.6.0)
  - GoogleSignIn (6.0.2):
    - AppAuth (~> 1.4)
    - GTMAppAuth (~> 1.0)
    - GTMSessionFetcher/Core (~> 1.1)
  - GTMAppAuth (1.2.2):
    - AppAuth/Core (~> 1.4)
    - GTMSessionFetcher/Core (~> 1.5)
  - GTMSessionFetcher/Core (1.6.1)

DEPENDENCIES:
  - Braintree
  - BraintreeDropIn
  - Charts
  - GoogleSignIn

SPEC REPOS:
  trunk:
    - AppAuth
    - Braintree
    - BraintreeDropIn
    - Charts
    - GoogleSignIn
    - GTMAppAuth
    - GTMSessionFetcher

SPEC CHECKSUMS:
  AppAuth: 31bcec809a638d7bd2f86ea8a52bd45f6e81e7c7
  Braintree: acd5dd18b4aff8858346d6b6f6f3b5bc059332fb
  BraintreeDropIn: ed7292064dca8738cfbb8445c6984f144328ffa9
  Charts: b1e3a1f5a1c9ba5394438ca3b91bd8c9076310af
  GoogleSignIn: fd381840dbe7c1137aa6dc30849a5c3e070c034a
  GTMAppAuth: ad5c2b70b9a8689e1a04033c9369c4915bfcbe89
  GTMSessionFetcher: 36689134877faeb055b27dfa4ccc9ceaa42e029e

PODFILE CHECKSUM: 365f78bb553c6d2f06ffc93822b3885b4b5b709f

COCOAPODS: 1.11.2
