// !$*UTF8*$!
{
	archiveVersion = 1;
	classes = {
	};
	objectVersion = 55;
	objects = {

/* Begin PBXBuildFile section */
		24B9D2035583ADB63B1A52E5 /* Pods_camperTN.framework in Frameworks */ = {isa = PBXBuildFile; fileRef = FCAD410FAF4043EA9792AB52 /* Pods_camperTN.framework */; };
		D6385E5B2731EF68006C7E15 /* EventsViewController.swift in Sources */ = {isa = PBXBuildFile; fileRef = D6385E5A2731EF68006C7E15 /* EventsViewController.swift */; };
		D64682A02731B72B000917DA /* SignUpMethodViewController.swift in Sources */ = {isa = PBXBuildFile; fileRef = D646829F2731B72B000917DA /* SignUpMethodViewController.swift */; };
		D64682A22731B73E000917DA /* SignUpViewController.swift in Sources */ = {isa = PBXBuildFile; fileRef = D64682A12731B73E000917DA /* SignUpViewController.swift */; };
		D65C77492739294100A5057F /* CEventsViewController.swift in Sources */ = {isa = PBXBuildFile; fileRef = D65C77482739294100A5057F /* CEventsViewController.swift */; };
		D65C774B273935AA00A5057F /* DetailEventViewController.swift in Sources */ = {isa = PBXBuildFile; fileRef = D65C774A273935AA00A5057F /* DetailEventViewController.swift */; };
		D65C774D2739415C00A5057F /* FavoriteViewController.swift in Sources */ = {isa = PBXBuildFile; fileRef = D65C774C2739415C00A5057F /* FavoriteViewController.swift */; };
		D65C774F2739416E00A5057F /* ShareViewController.swift in Sources */ = {isa = PBXBuildFile; fileRef = D65C774E2739416E00A5057F /* ShareViewController.swift */; };
		D65C77512739425A00A5057F /* ProfileViewController.swift in Sources */ = {isa = PBXBuildFile; fileRef = D65C77502739425A00A5057F /* ProfileViewController.swift */; };
		D65E1F36275CEE1600F71E9F /* DetailFavoriteViewController.swift in Sources */ = {isa = PBXBuildFile; fileRef = D65E1F35275CEE1600F71E9F /* DetailFavoriteViewController.swift */; };
		D66AECE8273AED6E00CE713C /* UpdateEventViewController.swift in Sources */ = {isa = PBXBuildFile; fileRef = D66AECE7273AED6E00CE713C /* UpdateEventViewController.swift */; };
		D66AECEA273B13E600CE713C /* UserViewModel.swift in Sources */ = {isa = PBXBuildFile; fileRef = D66AECE9273B13E600CE713C /* UserViewModel.swift */; };
		D66AECEC273B13F900CE713C /* APIUser.swift in Sources */ = {isa = PBXBuildFile; fileRef = D66AECEB273B13F900CE713C /* APIUser.swift */; };
		D66AECEE273B144C00CE713C /* User.swift in Sources */ = {isa = PBXBuildFile; fileRef = D66AECED273B144C00CE713C /* User.swift */; };
		D6AB0BB92748662B00D536F9 /* credentials.plist in Resources */ = {isa = PBXBuildFile; fileRef = D6AB0BB82748662B00D536F9 /* credentials.plist */; };
		D6AFFBC627346ADB0010829C /* Event.swift in Sources */ = {isa = PBXBuildFile; fileRef = D6AFFBC527346ADB0010829C /* Event.swift */; };
		D6AFFBC82734727C0010829C /* APIEvent.swift in Sources */ = {isa = PBXBuildFile; fileRef = D6AFFBC72734727C0010829C /* APIEvent.swift */; };
		D6AFFBCA273486CD0010829C /* EventViewModel.swift in Sources */ = {isa = PBXBuildFile; fileRef = D6AFFBC9273486CD0010829C /* EventViewModel.swift */; };
		D6E1DF3F2753934E00560C90 /* ResetPasswordViewController.swift in Sources */ = {isa = PBXBuildFile; fileRef = D6E1DF3E2753934E00560C90 /* ResetPasswordViewController.swift */; };
		D6E1DF412753CCFE00560C90 /* DetailParticipantViewController.swift in Sources */ = {isa = PBXBuildFile; fileRef = D6E1DF402753CCFE00560C90 /* DetailParticipantViewController.swift */; };
		D6F2728727380DC200F9FE36 /* TabBarOrgController.swift in Sources */ = {isa = PBXBuildFile; fileRef = D6F2728627380DC200F9FE36 /* TabBarOrgController.swift */; };
		D6F883D62736D84E0038223D /* CreateViewController.swift in Sources */ = {isa = PBXBuildFile; fileRef = D6F883D52736D84E0038223D /* CreateViewController.swift */; };
		D6FA4E56272DE65700E122E0 /* AppDelegate.swift in Sources */ = {isa = PBXBuildFile; fileRef = D6FA4E55272DE65700E122E0 /* AppDelegate.swift */; };
		D6FA4E58272DE65700E122E0 /* SceneDelegate.swift in Sources */ = {isa = PBXBuildFile; fileRef = D6FA4E57272DE65700E122E0 /* SceneDelegate.swift */; };
		D6FA4E5A272DE65700E122E0 /* LoginViewController.swift in Sources */ = {isa = PBXBuildFile; fileRef = D6FA4E59272DE65700E122E0 /* LoginViewController.swift */; };
		D6FA4E5D272DE65700E122E0 /* Main.storyboard in Resources */ = {isa = PBXBuildFile; fileRef = D6FA4E5B272DE65700E122E0 /* Main.storyboard */; };
		D6FA4E60272DE65700E122E0 /* camperTN.xcdatamodeld in Sources */ = {isa = PBXBuildFile; fileRef = D6FA4E5E272DE65700E122E0 /* camperTN.xcdatamodeld */; };
		D6FA4E62272DE65800E122E0 /* Assets.xcassets in Resources */ = {isa = PBXBuildFile; fileRef = D6FA4E61272DE65800E122E0 /* Assets.xcassets */; };
		D6FA4E65272DE65800E122E0 /* LaunchScreen.storyboard in Resources */ = {isa = PBXBuildFile; fileRef = D6FA4E63272DE65800E122E0 /* LaunchScreen.storyboard */; };
/* End PBXBuildFile section */

/* Begin PBXFileReference section */
		0A9AAE156AD920B6466549E4 /* Pods-camperTN.debug.xcconfig */ = {isa = PBXFileReference; includeInIndex = 1; lastKnownFileType = text.xcconfig; name = "Pods-camperTN.debug.xcconfig"; path = "Target Support Files/Pods-camperTN/Pods-camperTN.debug.xcconfig"; sourceTree = "<group>"; };
		3F878072E769FF171F272E0C /* Pods-camperTN.release.xcconfig */ = {isa = PBXFileReference; includeInIndex = 1; lastKnownFileType = text.xcconfig; name = "Pods-camperTN.release.xcconfig"; path = "Target Support Files/Pods-camperTN/Pods-camperTN.release.xcconfig"; sourceTree = "<group>"; };
		D6385E5A2731EF68006C7E15 /* EventsViewController.swift */ = {isa = PBXFileReference; lastKnownFileType = sourcecode.swift; path = EventsViewController.swift; sourceTree = "<group>"; };
		D646829F2731B72B000917DA /* SignUpMethodViewController.swift */ = {isa = PBXFileReference; lastKnownFileType = sourcecode.swift; path = SignUpMethodViewController.swift; sourceTree = "<group>"; };
		D64682A12731B73E000917DA /* SignUpViewController.swift */ = {isa = PBXFileReference; lastKnownFileType = sourcecode.swift; path = SignUpViewController.swift; sourceTree = "<group>"; };
		D65C77482739294100A5057F /* CEventsViewController.swift */ = {isa = PBXFileReference; lastKnownFileType = sourcecode.swift; path = CEventsViewController.swift; sourceTree = "<group>"; };
		D65C774A273935AA00A5057F /* DetailEventViewController.swift */ = {isa = PBXFileReference; lastKnownFileType = sourcecode.swift; path = DetailEventViewController.swift; sourceTree = "<group>"; };
		D65C774C2739415C00A5057F /* FavoriteViewController.swift */ = {isa = PBXFileReference; lastKnownFileType = sourcecode.swift; path = FavoriteViewController.swift; sourceTree = "<group>"; };
		D65C774E2739416E00A5057F /* ShareViewController.swift */ = {isa = PBXFileReference; lastKnownFileType = sourcecode.swift; path = ShareViewController.swift; sourceTree = "<group>"; };
		D65C77502739425A00A5057F /* ProfileViewController.swift */ = {isa = PBXFileReference; lastKnownFileType = sourcecode.swift; path = ProfileViewController.swift; sourceTree = "<group>"; };
		D65E1F35275CEE1600F71E9F /* DetailFavoriteViewController.swift */ = {isa = PBXFileReference; lastKnownFileType = sourcecode.swift; path = DetailFavoriteViewController.swift; sourceTree = "<group>"; };
		D66AECE7273AED6E00CE713C /* UpdateEventViewController.swift */ = {isa = PBXFileReference; lastKnownFileType = sourcecode.swift; path = UpdateEventViewController.swift; sourceTree = "<group>"; };
		D66AECE9273B13E600CE713C /* UserViewModel.swift */ = {isa = PBXFileReference; lastKnownFileType = sourcecode.swift; path = UserViewModel.swift; sourceTree = "<group>"; };
		D66AECEB273B13F900CE713C /* APIUser.swift */ = {isa = PBXFileReference; lastKnownFileType = sourcecode.swift; path = APIUser.swift; sourceTree = "<group>"; };
		D66AECED273B144C00CE713C /* User.swift */ = {isa = PBXFileReference; lastKnownFileType = sourcecode.swift; path = User.swift; sourceTree = "<group>"; };
		D6AB0BB82748662B00D536F9 /* credentials.plist */ = {isa = PBXFileReference; fileEncoding = 4; lastKnownFileType = text.plist.xml; path = credentials.plist; sourceTree = "<group>"; };
		D6AFFBC527346ADB0010829C /* Event.swift */ = {isa = PBXFileReference; lastKnownFileType = sourcecode.swift; path = Event.swift; sourceTree = "<group>"; };
		D6AFFBC72734727C0010829C /* APIEvent.swift */ = {isa = PBXFileReference; lastKnownFileType = sourcecode.swift; path = APIEvent.swift; sourceTree = "<group>"; };
		D6AFFBC9273486CD0010829C /* EventViewModel.swift */ = {isa = PBXFileReference; lastKnownFileType = sourcecode.swift; path = EventViewModel.swift; sourceTree = "<group>"; };
		D6E1DF3E2753934E00560C90 /* ResetPasswordViewController.swift */ = {isa = PBXFileReference; lastKnownFileType = sourcecode.swift; path = ResetPasswordViewController.swift; sourceTree = "<group>"; };
		D6E1DF402753CCFE00560C90 /* DetailParticipantViewController.swift */ = {isa = PBXFileReference; lastKnownFileType = sourcecode.swift; path = DetailParticipantViewController.swift; sourceTree = "<group>"; };
		D6F2728627380DC200F9FE36 /* TabBarOrgController.swift */ = {isa = PBXFileReference; lastKnownFileType = sourcecode.swift; path = TabBarOrgController.swift; sourceTree = "<group>"; };
		D6F883D52736D84E0038223D /* CreateViewController.swift */ = {isa = PBXFileReference; lastKnownFileType = sourcecode.swift; path = CreateViewController.swift; sourceTree = "<group>"; };
		D6FA4E52272DE65700E122E0 /* camperTN.app */ = {isa = PBXFileReference; explicitFileType = wrapper.application; includeInIndex = 0; path = camperTN.app; sourceTree = BUILT_PRODUCTS_DIR; };
		D6FA4E55272DE65700E122E0 /* AppDelegate.swift */ = {isa = PBXFileReference; lastKnownFileType = sourcecode.swift; path = AppDelegate.swift; sourceTree = "<group>"; };
		D6FA4E57272DE65700E122E0 /* SceneDelegate.swift */ = {isa = PBXFileReference; lastKnownFileType = sourcecode.swift; path = SceneDelegate.swift; sourceTree = "<group>"; };
		D6FA4E59272DE65700E122E0 /* LoginViewController.swift */ = {isa = PBXFileReference; lastKnownFileType = sourcecode.swift; path = LoginViewController.swift; sourceTree = "<group>"; };
		D6FA4E5C272DE65700E122E0 /* Base */ = {isa = PBXFileReference; lastKnownFileType = file.storyboard; name = Base; path = Base.lproj/Main.storyboard; sourceTree = "<group>"; };
		D6FA4E5F272DE65700E122E0 /* camperTN.xcdatamodel */ = {isa = PBXFileReference; lastKnownFileType = wrapper.xcdatamodel; path = camperTN.xcdatamodel; sourceTree = "<group>"; };
		D6FA4E61272DE65800E122E0 /* Assets.xcassets */ = {isa = PBXFileReference; lastKnownFileType = folder.assetcatalog; path = Assets.xcassets; sourceTree = "<group>"; };
		D6FA4E64272DE65800E122E0 /* Base */ = {isa = PBXFileReference; lastKnownFileType = file.storyboard; name = Base; path = Base.lproj/LaunchScreen.storyboard; sourceTree = "<group>"; };
		D6FA4E66272DE65800E122E0 /* Info.plist */ = {isa = PBXFileReference; lastKnownFileType = text.plist.xml; path = Info.plist; sourceTree = "<group>"; };
		FCAD410FAF4043EA9792AB52 /* Pods_camperTN.framework */ = {isa = PBXFileReference; explicitFileType = wrapper.framework; includeInIndex = 0; path = Pods_camperTN.framework; sourceTree = BUILT_PRODUCTS_DIR; };
/* End PBXFileReference section */

/* Begin PBXFrameworksBuildPhase section */
		D6FA4E4F272DE65600E122E0 /* Frameworks */ = {
			isa = PBXFrameworksBuildPhase;
			buildActionMask = 2147483647;
			files = (
				24B9D2035583ADB63B1A52E5 /* Pods_camperTN.framework in Frameworks */,
			);
			runOnlyForDeploymentPostprocessing = 0;
		};
/* End PBXFrameworksBuildPhase section */

/* Begin PBXGroup section */
		B1697939911DCC050201A0EC /* Pods */ = {
			isa = PBXGroup;
			children = (
				0A9AAE156AD920B6466549E4 /* Pods-camperTN.debug.xcconfig */,
				3F878072E769FF171F272E0C /* Pods-camperTN.release.xcconfig */,
			);
			path = Pods;
			sourceTree = "<group>";
		};
		C344DA29B14DE019D1D89EBB /* Frameworks */ = {
			isa = PBXGroup;
			children = (
				FCAD410FAF4043EA9792AB52 /* Pods_camperTN.framework */,
			);
			name = Frameworks;
			sourceTree = "<group>";
		};
		D646829E2731B67F000917DA /* Controller */ = {
			isa = PBXGroup;
			children = (
				D6FA4E59272DE65700E122E0 /* LoginViewController.swift */,
				D646829F2731B72B000917DA /* SignUpMethodViewController.swift */,
				D64682A12731B73E000917DA /* SignUpViewController.swift */,
				D6E1DF3E2753934E00560C90 /* ResetPasswordViewController.swift */,
				D65C77472739283A00A5057F /* Admin */,
				D6F883D42736D7400038223D /* organisateur */,
				D65C77462739282B00A5057F /* Campeur */,
			);
			name = Controller;
			sourceTree = "<group>";
		};
		D65C77462739282B00A5057F /* Campeur */ = {
			isa = PBXGroup;
			children = (
				D65C77482739294100A5057F /* CEventsViewController.swift */,
				D65C774A273935AA00A5057F /* DetailEventViewController.swift */,
				D65C774E2739416E00A5057F /* ShareViewController.swift */,
				D65C77502739425A00A5057F /* ProfileViewController.swift */,
				D65E1F32275CE0CA00F71E9F /* favorite */,
			);
			name = Campeur;
			sourceTree = "<group>";
		};
		D65C77472739283A00A5057F /* Admin */ = {
			isa = PBXGroup;
			children = (
			);
			path = Admin;
			sourceTree = "<group>";
		};
		D65E1F32275CE0CA00F71E9F /* favorite */ = {
			isa = PBXGroup;
			children = (
				D65C774C2739415C00A5057F /* FavoriteViewController.swift */,
				D65E1F35275CEE1600F71E9F /* DetailFavoriteViewController.swift */,
			);
			name = favorite;
			sourceTree = "<group>";
		};
		D6AFFBC1273469440010829C /* ViewModels */ = {
			isa = PBXGroup;
			children = (
				D6AFFBC9273486CD0010829C /* EventViewModel.swift */,
				D66AECE9273B13E600CE713C /* UserViewModel.swift */,
			);
			name = ViewModels;
			sourceTree = "<group>";
		};
		D6AFFBC22734695F0010829C /* API Service */ = {
			isa = PBXGroup;
			children = (
				D6AFFBC72734727C0010829C /* APIEvent.swift */,
				D66AECEB273B13F900CE713C /* APIUser.swift */,
			);
			path = "API Service";
			sourceTree = "<group>";
		};
		D6AFFBC3273469830010829C /* Models */ = {
			isa = PBXGroup;
			children = (
				D6AFFBC527346ADB0010829C /* Event.swift */,
				D66AECED273B144C00CE713C /* User.swift */,
			);
			path = Models;
			sourceTree = "<group>";
		};
		D6AFFBC4273469980010829C /* Common */ = {
			isa = PBXGroup;
			children = (
				D6FA4E55272DE65700E122E0 /* AppDelegate.swift */,
				D6FA4E57272DE65700E122E0 /* SceneDelegate.swift */,
			);
			path = Common;
			sourceTree = "<group>";
		};
		D6F883D42736D7400038223D /* organisateur */ = {
			isa = PBXGroup;
			children = (
				D6385E5A2731EF68006C7E15 /* EventsViewController.swift */,
				D6F883D52736D84E0038223D /* CreateViewController.swift */,
				D6F2728627380DC200F9FE36 /* TabBarOrgController.swift */,
				D66AECE7273AED6E00CE713C /* UpdateEventViewController.swift */,
				D6E1DF402753CCFE00560C90 /* DetailParticipantViewController.swift */,
			);
			name = organisateur;
			sourceTree = "<group>";
		};
		D6FA4E49272DE65600E122E0 = {
			isa = PBXGroup;
			children = (
				D6FA4E54272DE65700E122E0 /* camperTN */,
				D6FA4E53272DE65700E122E0 /* Products */,
				B1697939911DCC050201A0EC /* Pods */,
				C344DA29B14DE019D1D89EBB /* Frameworks */,
			);
			sourceTree = "<group>";
		};
		D6FA4E53272DE65700E122E0 /* Products */ = {
			isa = PBXGroup;
			children = (
				D6FA4E52272DE65700E122E0 /* camperTN.app */,
			);
			name = Products;
			sourceTree = "<group>";
		};
		D6FA4E54272DE65700E122E0 /* camperTN */ = {
			isa = PBXGroup;
			children = (
				D6AFFBC22734695F0010829C /* API Service */,
				D6AFFBC3273469830010829C /* Models */,
				D6AFFBC1273469440010829C /* ViewModels */,
				D646829E2731B67F000917DA /* Controller */,
				D6AFFBC4273469980010829C /* Common */,
				D6FA4E5B272DE65700E122E0 /* Main.storyboard */,
				D6FA4E61272DE65800E122E0 /* Assets.xcassets */,
				D6FA4E63272DE65800E122E0 /* LaunchScreen.storyboard */,
				D6FA4E66272DE65800E122E0 /* Info.plist */,
				D6AB0BB82748662B00D536F9 /* credentials.plist */,
				D6FA4E5E272DE65700E122E0 /* camperTN.xcdatamodeld */,
			);
			path = camperTN;
			sourceTree = "<group>";
		};
/* End PBXGroup section */

/* Begin PBXNativeTarget section */
		D6FA4E51272DE65600E122E0 /* camperTN */ = {
			isa = PBXNativeTarget;
			buildConfigurationList = D6FA4E69272DE65800E122E0 /* Build configuration list for PBXNativeTarget "camperTN" */;
			buildPhases = (
				DF15F59144CC358C41C7CF0E /* [CP] Check Pods Manifest.lock */,
				D6FA4E4E272DE65600E122E0 /* Sources */,
				D6FA4E4F272DE65600E122E0 /* Frameworks */,
				D6FA4E50272DE65600E122E0 /* Resources */,
				0CB7036607E4310607CCC54A /* [CP] Embed Pods Frameworks */,
			);
			buildRules = (
			);
			dependencies = (
			);
			name = camperTN;
			productName = camperTN;
			productReference = D6FA4E52272DE65700E122E0 /* camperTN.app */;
			productType = "com.apple.product-type.application";
		};
/* End PBXNativeTarget section */

/* Begin PBXProject section */
		D6FA4E4A272DE65600E122E0 /* Project object */ = {
			isa = PBXProject;
			attributes = {
				BuildIndependentTargetsInParallel = 1;
				LastSwiftUpdateCheck = 1300;
				LastUpgradeCheck = 1300;
				TargetAttributes = {
					D6FA4E51272DE65600E122E0 = {
						CreatedOnToolsVersion = 13.0;
					};
				};
			};
			buildConfigurationList = D6FA4E4D272DE65600E122E0 /* Build configuration list for PBXProject "camperTN" */;
			compatibilityVersion = "Xcode 13.0";
			developmentRegion = en;
			hasScannedForEncodings = 0;
			knownRegions = (
				en,
				Base,
			);
			mainGroup = D6FA4E49272DE65600E122E0;
			productRefGroup = D6FA4E53272DE65700E122E0 /* Products */;
			projectDirPath = "";
			projectRoot = "";
			targets = (
				D6FA4E51272DE65600E122E0 /* camperTN */,
			);
		};
/* End PBXProject section */

/* Begin PBXResourcesBuildPhase section */
		D6FA4E50272DE65600E122E0 /* Resources */ = {
			isa = PBXResourcesBuildPhase;
			buildActionMask = 2147483647;
			files = (
				D6FA4E65272DE65800E122E0 /* LaunchScreen.storyboard in Resources */,
				D6AB0BB92748662B00D536F9 /* credentials.plist in Resources */,
				D6FA4E62272DE65800E122E0 /* Assets.xcassets in Resources */,
				D6FA4E5D272DE65700E122E0 /* Main.storyboard in Resources */,
			);
			runOnlyForDeploymentPostprocessing = 0;
		};
/* End PBXResourcesBuildPhase section */

/* Begin PBXShellScriptBuildPhase section */
		0CB7036607E4310607CCC54A /* [CP] Embed Pods Frameworks */ = {
			isa = PBXShellScriptBuildPhase;
			buildActionMask = 2147483647;
			files = (
			);
			inputFileListPaths = (
				"${PODS_ROOT}/Target Support Files/Pods-camperTN/Pods-camperTN-frameworks-${CONFIGURATION}-input-files.xcfilelist",
			);
			name = "[CP] Embed Pods Frameworks";
			outputFileListPaths = (
				"${PODS_ROOT}/Target Support Files/Pods-camperTN/Pods-camperTN-frameworks-${CONFIGURATION}-output-files.xcfilelist",
			);
			runOnlyForDeploymentPostprocessing = 0;
			shellPath = /bin/sh;
			shellScript = "\"${PODS_ROOT}/Target Support Files/Pods-camperTN/Pods-camperTN-frameworks.sh\"\n";
			showEnvVarsInLog = 0;
		};
		DF15F59144CC358C41C7CF0E /* [CP] Check Pods Manifest.lock */ = {
			isa = PBXShellScriptBuildPhase;
			buildActionMask = 2147483647;
			files = (
			);
			inputFileListPaths = (
			);
			inputPaths = (
				"${PODS_PODFILE_DIR_PATH}/Podfile.lock",
				"${PODS_ROOT}/Manifest.lock",
			);
			name = "[CP] Check Pods Manifest.lock";
			outputFileListPaths = (
			);
			outputPaths = (
				"$(DERIVED_FILE_DIR)/Pods-camperTN-checkManifestLockResult.txt",
			);
			runOnlyForDeploymentPostprocessing = 0;
			shellPath = /bin/sh;
			shellScript = "diff \"${PODS_PODFILE_DIR_PATH}/Podfile.lock\" \"${PODS_ROOT}/Manifest.lock\" > /dev/null\nif [ $? != 0 ] ; then\n    # print error to STDERR\n    echo \"error: The sandbox is not in sync with the Podfile.lock. Run 'pod install' or update your CocoaPods installation.\" >&2\n    exit 1\nfi\n# This output is used by Xcode 'outputs' to avoid re-running this script phase.\necho \"SUCCESS\" > \"${SCRIPT_OUTPUT_FILE_0}\"\n";
			showEnvVarsInLog = 0;
		};
/* End PBXShellScriptBuildPhase section */

/* Begin PBXSourcesBuildPhase section */
		D6FA4E4E272DE65600E122E0 /* Sources */ = {
			isa = PBXSourcesBuildPhase;
			buildActionMask = 2147483647;
			files = (
				D6F883D62736D84E0038223D /* CreateViewController.swift in Sources */,
				D6E1DF412753CCFE00560C90 /* DetailParticipantViewController.swift in Sources */,
				D65C77492739294100A5057F /* CEventsViewController.swift in Sources */,
				D6AFFBC82734727C0010829C /* APIEvent.swift in Sources */,
				D6E1DF3F2753934E00560C90 /* ResetPasswordViewController.swift in Sources */,
				D6385E5B2731EF68006C7E15 /* EventsViewController.swift in Sources */,
				D65C774D2739415C00A5057F /* FavoriteViewController.swift in Sources */,
				D64682A22731B73E000917DA /* SignUpViewController.swift in Sources */,
				D65C774F2739416E00A5057F /* ShareViewController.swift in Sources */,
				D65C77512739425A00A5057F /* ProfileViewController.swift in Sources */,
				D6AFFBCA273486CD0010829C /* EventViewModel.swift in Sources */,
				D65E1F36275CEE1600F71E9F /* DetailFavoriteViewController.swift in Sources */,
				D66AECEC273B13F900CE713C /* APIUser.swift in Sources */,
				D6FA4E5A272DE65700E122E0 /* LoginViewController.swift in Sources */,
				D6FA4E56272DE65700E122E0 /* AppDelegate.swift in Sources */,
				D66AECE8273AED6E00CE713C /* UpdateEventViewController.swift in Sources */,
				D6FA4E58272DE65700E122E0 /* SceneDelegate.swift in Sources */,
				D66AECEA273B13E600CE713C /* UserViewModel.swift in Sources */,
				D6F2728727380DC200F9FE36 /* TabBarOrgController.swift in Sources */,
				D65C774B273935AA00A5057F /* DetailEventViewController.swift in Sources */,
				D64682A02731B72B000917DA /* SignUpMethodViewController.swift in Sources */,
				D6AFFBC627346ADB0010829C /* Event.swift in Sources */,
				D6FA4E60272DE65700E122E0 /* camperTN.xcdatamodeld in Sources */,
				D66AECEE273B144C00CE713C /* User.swift in Sources */,
			);
			runOnlyForDeploymentPostprocessing = 0;
		};
/* End PBXSourcesBuildPhase section */

/* Begin PBXVariantGroup section */
		D6FA4E5B272DE65700E122E0 /* Main.storyboard */ = {
			isa = PBXVariantGroup;
			children = (
				D6FA4E5C272DE65700E122E0 /* Base */,
			);
			name = Main.storyboard;
			sourceTree = "<group>";
		};
		D6FA4E63272DE65800E122E0 /* LaunchScreen.storyboard */ = {
			isa = PBXVariantGroup;
			children = (
				D6FA4E64272DE65800E122E0 /* Base */,
			);
			name = LaunchScreen.storyboard;
			sourceTree = "<group>";
		};
/* End PBXVariantGroup section */

/* Begin XCBuildConfiguration section */
		D6FA4E67272DE65800E122E0 /* Debug */ = {
			isa = XCBuildConfiguration;
			buildSettings = {
				ALWAYS_SEARCH_USER_PATHS = NO;
				CLANG_ANALYZER_NONNULL = YES;
				CLANG_ANALYZER_NUMBER_OBJECT_CONVERSION = YES_AGGRESSIVE;
				CLANG_CXX_LANGUAGE_STANDARD = "gnu++17";
				CLANG_CXX_LIBRARY = "libc++";
				CLANG_ENABLE_MODULES = YES;
				CLANG_ENABLE_OBJC_ARC = YES;
				CLANG_ENABLE_OBJC_WEAK = YES;
				CLANG_WARN_BLOCK_CAPTURE_AUTORELEASING = YES;
				CLANG_WARN_BOOL_CONVERSION = YES;
				CLANG_WARN_COMMA = YES;
				CLANG_WARN_CONSTANT_CONVERSION = YES;
				CLANG_WARN_DEPRECATED_OBJC_IMPLEMENTATIONS = YES;
				CLANG_WARN_DIRECT_OBJC_ISA_USAGE = YES_ERROR;
				CLANG_WARN_DOCUMENTATION_COMMENTS = YES;
				CLANG_WARN_EMPTY_BODY = YES;
				CLANG_WARN_ENUM_CONVERSION = YES;
				CLANG_WARN_INFINITE_RECURSION = YES;
				CLANG_WARN_INT_CONVERSION = YES;
				CLANG_WARN_NON_LITERAL_NULL_CONVERSION = YES;
				CLANG_WARN_OBJC_IMPLICIT_RETAIN_SELF = YES;
				CLANG_WARN_OBJC_LITERAL_CONVERSION = YES;
				CLANG_WARN_OBJC_ROOT_CLASS = YES_ERROR;
				CLANG_WARN_QUOTED_INCLUDE_IN_FRAMEWORK_HEADER = YES;
				CLANG_WARN_RANGE_LOOP_ANALYSIS = YES;
				CLANG_WARN_STRICT_PROTOTYPES = YES;
				CLANG_WARN_SUSPICIOUS_MOVE = YES;
				CLANG_WARN_UNGUARDED_AVAILABILITY = YES_AGGRESSIVE;
				CLANG_WARN_UNREACHABLE_CODE = YES;
				CLANG_WARN__DUPLICATE_METHOD_MATCH = YES;
				COPY_PHASE_STRIP = NO;
				DEBUG_INFORMATION_FORMAT = dwarf;
				ENABLE_STRICT_OBJC_MSGSEND = YES;
				ENABLE_TESTABILITY = YES;
				GCC_C_LANGUAGE_STANDARD = gnu11;
				GCC_DYNAMIC_NO_PIC = NO;
				GCC_NO_COMMON_BLOCKS = YES;
				GCC_OPTIMIZATION_LEVEL = 0;
				GCC_PREPROCESSOR_DEFINITIONS = (
					"DEBUG=1",
					"$(inherited)",
				);
				GCC_WARN_64_TO_32_BIT_CONVERSION = YES;
				GCC_WARN_ABOUT_RETURN_TYPE = YES_ERROR;
				GCC_WARN_UNDECLARED_SELECTOR = YES;
				GCC_WARN_UNINITIALIZED_AUTOS = YES_AGGRESSIVE;
				GCC_WARN_UNUSED_FUNCTION = YES;
				GCC_WARN_UNUSED_VARIABLE = YES;
				IPHONEOS_DEPLOYMENT_TARGET = 14.1;
				MTL_ENABLE_DEBUG_INFO = INCLUDE_SOURCE;
				MTL_FAST_MATH = YES;
				ONLY_ACTIVE_ARCH = YES;
				SDKROOT = iphoneos;
				SWIFT_ACTIVE_COMPILATION_CONDITIONS = DEBUG;
				SWIFT_OPTIMIZATION_LEVEL = "-Onone";
			};
			name = Debug;
		};
		D6FA4E68272DE65800E122E0 /* Release */ = {
			isa = XCBuildConfiguration;
			buildSettings = {
				ALWAYS_SEARCH_USER_PATHS = NO;
				CLANG_ANALYZER_NONNULL = YES;
				CLANG_ANALYZER_NUMBER_OBJECT_CONVERSION = YES_AGGRESSIVE;
				CLANG_CXX_LANGUAGE_STANDARD = "gnu++17";
				CLANG_CXX_LIBRARY = "libc++";
				CLANG_ENABLE_MODULES = YES;
				CLANG_ENABLE_OBJC_ARC = YES;
				CLANG_ENABLE_OBJC_WEAK = YES;
				CLANG_WARN_BLOCK_CAPTURE_AUTORELEASING = YES;
				CLANG_WARN_BOOL_CONVERSION = YES;
				CLANG_WARN_COMMA = YES;
				CLANG_WARN_CONSTANT_CONVERSION = YES;
				CLANG_WARN_DEPRECATED_OBJC_IMPLEMENTATIONS = YES;
				CLANG_WARN_DIRECT_OBJC_ISA_USAGE = YES_ERROR;
				CLANG_WARN_DOCUMENTATION_COMMENTS = YES;
				CLANG_WARN_EMPTY_BODY = YES;
				CLANG_WARN_ENUM_CONVERSION = YES;
				CLANG_WARN_INFINITE_RECURSION = YES;
				CLANG_WARN_INT_CONVERSION = YES;
				CLANG_WARN_NON_LITERAL_NULL_CONVERSION = YES;
				CLANG_WARN_OBJC_IMPLICIT_RETAIN_SELF = YES;
				CLANG_WARN_OBJC_LITERAL_CONVERSION = YES;
				CLANG_WARN_OBJC_ROOT_CLASS = YES_ERROR;
				CLANG_WARN_QUOTED_INCLUDE_IN_FRAMEWORK_HEADER = YES;
				CLANG_WARN_RANGE_LOOP_ANALYSIS = YES;
				CLANG_WARN_STRICT_PROTOTYPES = YES;
				CLANG_WARN_SUSPICIOUS_MOVE = YES;
				CLANG_WARN_UNGUARDED_AVAILABILITY = YES_AGGRESSIVE;
				CLANG_WARN_UNREACHABLE_CODE = YES;
				CLANG_WARN__DUPLICATE_METHOD_MATCH = YES;
				COPY_PHASE_STRIP = NO;
				DEBUG_INFORMATION_FORMAT = "dwarf-with-dsym";
				ENABLE_NS_ASSERTIONS = NO;
				ENABLE_STRICT_OBJC_MSGSEND = YES;
				GCC_C_LANGUAGE_STANDARD = gnu11;
				GCC_NO_COMMON_BLOCKS = YES;
				GCC_WARN_64_TO_32_BIT_CONVERSION = YES;
				GCC_WARN_ABOUT_RETURN_TYPE = YES_ERROR;
				GCC_WARN_UNDECLARED_SELECTOR = YES;
				GCC_WARN_UNINITIALIZED_AUTOS = YES_AGGRESSIVE;
				GCC_WARN_UNUSED_FUNCTION = YES;
				GCC_WARN_UNUSED_VARIABLE = YES;
				IPHONEOS_DEPLOYMENT_TARGET = 14.1;
				MTL_ENABLE_DEBUG_INFO = NO;
				MTL_FAST_MATH = YES;
				SDKROOT = iphoneos;
				SWIFT_COMPILATION_MODE = wholemodule;
				SWIFT_OPTIMIZATION_LEVEL = "-O";
				VALIDATE_PRODUCT = YES;
			};
			name = Release;
		};
		D6FA4E6A272DE65800E122E0 /* Debug */ = {
			isa = XCBuildConfiguration;
			baseConfigurationReference = 0A9AAE156AD920B6466549E4 /* Pods-camperTN.debug.xcconfig */;
			buildSettings = {
				ASSETCATALOG_COMPILER_APPICON_NAME = AppIcon;
				ASSETCATALOG_COMPILER_GLOBAL_ACCENT_COLOR_NAME = AccentColor;
				CODE_SIGN_STYLE = Automatic;
				CURRENT_PROJECT_VERSION = 1;
				DEVELOPMENT_TEAM = R8LFKVJKW8;
				GENERATE_INFOPLIST_FILE = YES;
				INFOPLIST_FILE = camperTN/Info.plist;
				INFOPLIST_KEY_UIApplicationSupportsIndirectInputEvents = YES;
				INFOPLIST_KEY_UILaunchStoryboardName = LaunchScreen;
				INFOPLIST_KEY_UIMainStoryboardFile = Main;
				INFOPLIST_KEY_UISupportedInterfaceOrientations_iPad = "UIInterfaceOrientationPortrait UIInterfaceOrientationPortraitUpsideDown UIInterfaceOrientationLandscapeLeft UIInterfaceOrientationLandscapeRight";
				INFOPLIST_KEY_UISupportedInterfaceOrientations_iPhone = "UIInterfaceOrientationPortrait UIInterfaceOrientationLandscapeLeft UIInterfaceOrientationLandscapeRight";
				IPHONEOS_DEPLOYMENT_TARGET = 14.0;
				LD_RUNPATH_SEARCH_PATHS = (
					"$(inherited)",
					"@executable_path/Frameworks",
				);
				MARKETING_VERSION = 1.0;
				PRODUCT_BUNDLE_IDENTIFIER = com.ChekirWalid.camperTN;
				PRODUCT_NAME = "$(TARGET_NAME)";
				SWIFT_EMIT_LOC_STRINGS = YES;
				SWIFT_VERSION = 5.0;
				TARGETED_DEVICE_FAMILY = "1,2";
			};
			name = Debug;
		};
		D6FA4E6B272DE65800E122E0 /* Release */ = {
			isa = XCBuildConfiguration;
			baseConfigurationReference = 3F878072E769FF171F272E0C /* Pods-camperTN.release.xcconfig */;
			buildSettings = {
				ASSETCATALOG_COMPILER_APPICON_NAME = AppIcon;
				ASSETCATALOG_COMPILER_GLOBAL_ACCENT_COLOR_NAME = AccentColor;
				CODE_SIGN_STYLE = Automatic;
				CURRENT_PROJECT_VERSION = 1;
				DEVELOPMENT_TEAM = R8LFKVJKW8;
				GENERATE_INFOPLIST_FILE = YES;
				INFOPLIST_FILE = camperTN/Info.plist;
				INFOPLIST_KEY_UIApplicationSupportsIndirectInputEvents = YES;
				INFOPLIST_KEY_UILaunchStoryboardName = LaunchScreen;
				INFOPLIST_KEY_UIMainStoryboardFile = Main;
				INFOPLIST_KEY_UISupportedInterfaceOrientations_iPad = "UIInterfaceOrientationPortrait UIInterfaceOrientationPortraitUpsideDown UIInterfaceOrientationLandscapeLeft UIInterfaceOrientationLandscapeRight";
				INFOPLIST_KEY_UISupportedInterfaceOrientations_iPhone = "UIInterfaceOrientationPortrait UIInterfaceOrientationLandscapeLeft UIInterfaceOrientationLandscapeRight";
				IPHONEOS_DEPLOYMENT_TARGET = 14.0;
				LD_RUNPATH_SEARCH_PATHS = (
					"$(inherited)",
					"@executable_path/Frameworks",
				);
				MARKETING_VERSION = 1.0;
				PRODUCT_BUNDLE_IDENTIFIER = com.ChekirWalid.camperTN;
				PRODUCT_NAME = "$(TARGET_NAME)";
				SWIFT_EMIT_LOC_STRINGS = YES;
				SWIFT_VERSION = 5.0;
				TARGETED_DEVICE_FAMILY = "1,2";
			};
			name = Release;
		};
/* End XCBuildConfiguration section */

/* Begin XCConfigurationList section */
		D6FA4E4D272DE65600E122E0 /* Build configuration list for PBXProject "camperTN" */ = {
			isa = XCConfigurationList;
			buildConfigurations = (
				D6FA4E67272DE65800E122E0 /* Debug */,
				D6FA4E68272DE65800E122E0 /* Release */,
			);
			defaultConfigurationIsVisible = 0;
			defaultConfigurationName = Release;
		};
		D6FA4E69272DE65800E122E0 /* Build configuration list for PBXNativeTarget "camperTN" */ = {
			isa = XCConfigurationList;
			buildConfigurations = (
				D6FA4E6A272DE65800E122E0 /* Debug */,
				D6FA4E6B272DE65800E122E0 /* Release */,
			);
			defaultConfigurationIsVisible = 0;
			defaultConfigurationName = Release;
		};
/* End XCConfigurationList section */

/* Begin XCVersionGroup section */
		D6FA4E5E272DE65700E122E0 /* camperTN.xcdatamodeld */ = {
			isa = XCVersionGroup;
			children = (
				D6FA4E5F272DE65700E122E0 /* camperTN.xcdatamodel */,
			);
			currentVersion = D6FA4E5F272DE65700E122E0 /* camperTN.xcdatamodel */;
			path = camperTN.xcdatamodeld;
			sourceTree = "<group>";
			versionGroupType = wrapper.xcdatamodel;
		};
/* End XCVersionGroup section */
	};
	rootObject = D6FA4E4A272DE65600E122E0 /* Project object */;
}
